
Microsoft Visual Studio Solution File, Format Version 12.00
# Visual Studio Version 17
VisualStudioVersion = 17.0.32014.148
MinimumVisualStudioVersion = 10.0.40219.1
Project("{9A19103F-16F7-4668-BE54-9A1E7A4F7556}") = "WebApp_UnderTheHood", "WebApp_UnderTheHood\WebApp_UnderTheHood.csproj", "{2557F59D-B2EC-4063-AC81-E8A6EA5F4141}"
EndProject
Project("{9A19103F-16F7-4668-BE54-9A1E7A4F7556}") = "WebAPI", "WebAPI\WebAPI.csproj", "{593BF4C6-AECC-4B57-A12D-3EF55F913B50}"
EndProject
Project("{9A19103F-16F7-4668-BE54-9A1E7A4F7556}") = "WebApp", "WebApp\WebApp.csproj", "{ED3BAEBF-9695-45A9-83D5-0A5241C25F5E}"
EndProject
Project("{2150E333-8FDC-42A3-9474-1A3956D46DE8}") = "Solution Items", "Solution Items", "{19016B3E-82CF-46FA-BE5C-2BE27409FE19}"
	ProjectSection(SolutionItems) = preProject
		.gitignore = .gitignore
	EndProjectSection
EndProject
Global
	GlobalSection(SolutionConfigurationPlatforms) = preSolution
		Debug|Any CPU = Debug|Any CPU
		Release|Any CPU = Release|Any CPU
	EndGlobalSection
	GlobalSection(ProjectConfigurationPlatforms) = postSolution
		{2557F59D-B2EC-4063-AC81-E8A6EA5F4141}.Debug|Any CPU.ActiveCfg = Debug|Any CPU
		{2557F59D-B2EC-4063-AC81-E8A6EA5F4141}.Debug|Any CPU.Build.0 = Debug|Any CPU
		{2557F59D-B2EC-4063-AC81-E8A6EA5F4141}.Release|Any CPU.ActiveCfg = Release|Any CPU
		{2557F59D-B2EC-4063-AC81-E8A6EA5F4141}.Release|Any CPU.Build.0 = Release|Any CPU
		{593BF4C6-AECC-4B57-A12D-3EF55F913B50}.Debug|Any CPU.ActiveCfg = Debug|Any CPU
		{593BF4C6-AECC-4B57-A12D-3EF55F913B50}.Debug|Any CPU.Build.0 = Debug|Any CPU
		{593BF4C6-AECC-4B57-A12D-3EF55F913B50}.Release|Any CPU.ActiveCfg = Release|Any CPU
		{593BF4C6-AECC-4B57-A12D-3EF55F913B50}.Release|Any CPU.Build.0 = Release|Any CPU
		{ED3BAEBF-9695-45A9-83D5-0A5241C25F5E}.Debug|Any CPU.ActiveCfg = Debug|Any CPU
		{ED3BAEBF-9695-45A9-83D5-0A5241C25F5E}.Debug|Any CPU.Build.0 = Debug|Any CPU
		{ED3BAEBF-9695-45A9-83D5-0A5241C25F5E}.Release|Any CPU.ActiveCfg = Release|Any CPU
		{ED3BAEBF-9695-45A9-83D5-0A5241C25F5E}.Release|Any CPU.Build.0 = Release|Any CPU
	EndGlobalSection
	GlobalSection(SolutionProperties) = preSolution
		HideSolutionNode = FALSE
	EndGlobalSection
	GlobalSection(ExtensibilityGlobals) = postSolution
		SolutionGuid = {3CA7B008-59D5-4F68-BEC5-BC78DBCDD945}
	EndGlobalSection
EndGlobal
